
Microsoft Visual Studio Solution File, Format Version 12.00
# Visual Studio Version 17
VisualStudioVersion = 17.0.32014.148
MinimumVisualStudioVersion = 10.0.40219.1
Project("{2150E333-8FDC-42A3-9474-1A3956D46DE8}") = "ReadMe", "ReadMe", "{9871E26A-8B54-4F1E-AB9A-77455A3A031C}"
	ProjectSection(SolutionItems) = preProject
		readme.md = readme.md
	EndProjectSection
EndProject
Project("{2150E333-8FDC-42A3-9474-1A3956D46DE8}") = "Tests", "Tests", "{2A6C913D-E99D-4891-B577-4CD63B3BABEF}"
EndProject
Project("{9A19103F-16F7-4668-BE54-9A1E7A4F7556}") = "Commentaries.Api", "Commentaries.Api\Commentaries.Api.csproj", "{B72700BC-3A19-4172-B724-99BC9F5B7BDC}"
EndProject
Project("{9A19103F-16F7-4668-BE54-9A1E7A4F7556}") = "Commentaries.Worker", "Commentaries.Worker\Commentaries.Worker.csproj", "{533CB6C6-3065-4147-BD25-DDB3E65053D8}"
EndProject
Project("{9A19103F-16F7-4668-BE54-9A1E7A4F7556}") = "Commentaries.Client", "Commentaries.Client\Commentaries.Client.csproj", "{E802CD87-7C9A-4A12-B422-A724431E0D05}"
EndProject
Project("{9A19103F-16F7-4668-BE54-9A1E7A4F7556}") = "Commentaries.Client.Test", "Commentaries.Client.Test\Commentaries.Client.Test.csproj", "{8FD7089D-09BC-4F08-A9A9-B49A945C56BB}"
EndProject
Project("{2150E333-8FDC-42A3-9474-1A3956D46DE8}") = "Async", "Async", "{22D2AD40-9B1B-4B20-8B90-4F1BE11697AF}"
EndProject
Project("{9A19103F-16F7-4668-BE54-9A1E7A4F7556}") = "Guuyb.Mq", "..\Guuyb.Mq\Guuyb.Mq\Guuyb.Mq.csproj", "{DF383429-2AB0-44BE-8BC0-512B6F423300}"
EndProject
Project("{9A19103F-16F7-4668-BE54-9A1E7A4F7556}") = "Commentaries.Infrastructure", "Commentaries.Infrastructure\Commentaries.Infrastructure.csproj", "{82B0F8F1-0522-4823-BB19-183A63B57A4A}"
EndProject
Project("{9A19103F-16F7-4668-BE54-9A1E7A4F7556}") = "Commentaries.Infrastructure.Test", "Commentaries.Infrastructure.Test\Commentaries.Infrastructure.Test.csproj", "{7F76A7F7-0605-42F9-804D-0EC9DBF9654A}"
EndProject
Project("{9A19103F-16F7-4668-BE54-9A1E7A4F7556}") = "Commentaries.Application.Test", "Commentaries.Application.Test\Commentaries.Application.Test.csproj", "{8ED59805-C2DC-42BD-A91C-695746D31DDC}"
EndProject
Project("{9A19103F-16F7-4668-BE54-9A1E7A4F7556}") = "Commentaries.Application", "Commentaries.Application\Commentaries.Application.csproj", "{6320CFA8-A3F4-4E44-82CE-6AC8E7C0EAD2}"
EndProject
Project("{9A19103F-16F7-4668-BE54-9A1E7A4F7556}") = "Commentaries.Domain", "Commentaries.Domain\Commentaries.Domain.csproj", "{ED85498E-2ADB-4FE9-BF06-47C074475643}"
EndProject
Project("{9A19103F-16F7-4668-BE54-9A1E7A4F7556}") = "Guuyb.OutboxMessaging.Worker", "..\Guuyb.OutboxMessaging\Guuyb.OutboxMessaging.Worker\Guuyb.OutboxMessaging.Worker.csproj", "{1A98A534-60CC-45F2-BAFF-49D36E810109}"
EndProject
Project("{9A19103F-16F7-4668-BE54-9A1E7A4F7556}") = "Guuyb.OutboxMessaging.Data", "..\Guuyb.OutboxMessaging\Guuyb.OutboxMessaging.Data\Guuyb.OutboxMessaging.Data.csproj", "{AF471891-5CC4-4A88-A3FA-004DC880465C}"
EndProject
Global
	GlobalSection(SolutionConfigurationPlatforms) = preSolution
		Debug|Any CPU = Debug|Any CPU
		Release|Any CPU = Release|Any CPU
	EndGlobalSection
	GlobalSection(ProjectConfigurationPlatforms) = postSolution
		{B72700BC-3A19-4172-B724-99BC9F5B7BDC}.Debug|Any CPU.ActiveCfg = Debug|Any CPU
		{B72700BC-3A19-4172-B724-99BC9F5B7BDC}.Debug|Any CPU.Build.0 = Debug|Any CPU
		{B72700BC-3A19-4172-B724-99BC9F5B7BDC}.Release|Any CPU.ActiveCfg = Release|Any CPU
		{B72700BC-3A19-4172-B724-99BC9F5B7BDC}.Release|Any CPU.Build.0 = Release|Any CPU
		{533CB6C6-3065-4147-BD25-DDB3E65053D8}.Debug|Any CPU.ActiveCfg = Debug|Any CPU
		{533CB6C6-3065-4147-BD25-DDB3E65053D8}.Debug|Any CPU.Build.0 = Debug|Any CPU
		{533CB6C6-3065-4147-BD25-DDB3E65053D8}.Release|Any CPU.ActiveCfg = Release|Any CPU
		{533CB6C6-3065-4147-BD25-DDB3E65053D8}.Release|Any CPU.Build.0 = Release|Any CPU
		{E802CD87-7C9A-4A12-B422-A724431E0D05}.Debug|Any CPU.ActiveCfg = Debug|Any CPU
		{E802CD87-7C9A-4A12-B422-A724431E0D05}.Debug|Any CPU.Build.0 = Debug|Any CPU
		{E802CD87-7C9A-4A12-B422-A724431E0D05}.Release|Any CPU.ActiveCfg = Release|Any CPU
		{E802CD87-7C9A-4A12-B422-A724431E0D05}.Release|Any CPU.Build.0 = Release|Any CPU
		{8FD7089D-09BC-4F08-A9A9-B49A945C56BB}.Debug|Any CPU.ActiveCfg = Debug|Any CPU
		{8FD7089D-09BC-4F08-A9A9-B49A945C56BB}.Debug|Any CPU.Build.0 = Debug|Any CPU
		{8FD7089D-09BC-4F08-A9A9-B49A945C56BB}.Release|Any CPU.ActiveCfg = Release|Any CPU
		{8FD7089D-09BC-4F08-A9A9-B49A945C56BB}.Release|Any CPU.Build.0 = Release|Any CPU
		{DF383429-2AB0-44BE-8BC0-512B6F423300}.Debug|Any CPU.ActiveCfg = Debug|Any CPU
		{DF383429-2AB0-44BE-8BC0-512B6F423300}.Debug|Any CPU.Build.0 = Debug|Any CPU
		{DF383429-2AB0-44BE-8BC0-512B6F423300}.Release|Any CPU.ActiveCfg = Release|Any CPU
		{DF383429-2AB0-44BE-8BC0-512B6F423300}.Release|Any CPU.Build.0 = Release|Any CPU
		{82B0F8F1-0522-4823-BB19-183A63B57A4A}.Debug|Any CPU.ActiveCfg = Debug|Any CPU
		{82B0F8F1-0522-4823-BB19-183A63B57A4A}.Debug|Any CPU.Build.0 = Debug|Any CPU
		{82B0F8F1-0522-4823-BB19-183A63B57A4A}.Release|Any CPU.ActiveCfg = Release|Any CPU
		{82B0F8F1-0522-4823-BB19-183A63B57A4A}.Release|Any CPU.Build.0 = Release|Any CPU
		{7F76A7F7-0605-42F9-804D-0EC9DBF9654A}.Debug|Any CPU.ActiveCfg = Debug|Any CPU
		{7F76A7F7-0605-42F9-804D-0EC9DBF9654A}.Debug|Any CPU.Build.0 = Debug|Any CPU
		{7F76A7F7-0605-42F9-804D-0EC9DBF9654A}.Release|Any CPU.ActiveCfg = Release|Any CPU
		{7F76A7F7-0605-42F9-804D-0EC9DBF9654A}.Release|Any CPU.Build.0 = Release|Any CPU
		{8ED59805-C2DC-42BD-A91C-695746D31DDC}.Debug|Any CPU.ActiveCfg = Debug|Any CPU
		{8ED59805-C2DC-42BD-A91C-695746D31DDC}.Debug|Any CPU.Build.0 = Debug|Any CPU
		{8ED59805-C2DC-42BD-A91C-695746D31DDC}.Release|Any CPU.ActiveCfg = Release|Any CPU
		{8ED59805-C2DC-42BD-A91C-695746D31DDC}.Release|Any CPU.Build.0 = Release|Any CPU
		{6320CFA8-A3F4-4E44-82CE-6AC8E7C0EAD2}.Debug|Any CPU.ActiveCfg = Debug|Any CPU
		{6320CFA8-A3F4-4E44-82CE-6AC8E7C0EAD2}.Debug|Any CPU.Build.0 = Debug|Any CPU
		{6320CFA8-A3F4-4E44-82CE-6AC8E7C0EAD2}.Release|Any CPU.ActiveCfg = Release|Any CPU
		{6320CFA8-A3F4-4E44-82CE-6AC8E7C0EAD2}.Release|Any CPU.Build.0 = Release|Any CPU
		{ED85498E-2ADB-4FE9-BF06-47C074475643}.Debug|Any CPU.ActiveCfg = Debug|Any CPU
		{ED85498E-2ADB-4FE9-BF06-47C074475643}.Debug|Any CPU.Build.0 = Debug|Any CPU
		{ED85498E-2ADB-4FE9-BF06-47C074475643}.Release|Any CPU.ActiveCfg = Release|Any CPU
		{ED85498E-2ADB-4FE9-BF06-47C074475643}.Release|Any CPU.Build.0 = Release|Any CPU
		{1A98A534-60CC-45F2-BAFF-49D36E810109}.Debug|Any CPU.ActiveCfg = Debug|Any CPU
		{1A98A534-60CC-45F2-BAFF-49D36E810109}.Debug|Any CPU.Build.0 = Debug|Any CPU
		{1A98A534-60CC-45F2-BAFF-49D36E810109}.Release|Any CPU.ActiveCfg = Release|Any CPU
		{1A98A534-60CC-45F2-BAFF-49D36E810109}.Release|Any CPU.Build.0 = Release|Any CPU
		{AF471891-5CC4-4A88-A3FA-004DC880465C}.Debug|Any CPU.ActiveCfg = Debug|Any CPU
		{AF471891-5CC4-4A88-A3FA-004DC880465C}.Debug|Any CPU.Build.0 = Debug|Any CPU
		{AF471891-5CC4-4A88-A3FA-004DC880465C}.Release|Any CPU.ActiveCfg = Release|Any CPU
		{AF471891-5CC4-4A88-A3FA-004DC880465C}.Release|Any CPU.Build.0 = Release|Any CPU
	EndGlobalSection
	GlobalSection(SolutionProperties) = preSolution
		HideSolutionNode = FALSE
	EndGlobalSection
	GlobalSection(NestedProjects) = preSolution
		{8FD7089D-09BC-4F08-A9A9-B49A945C56BB} = {2A6C913D-E99D-4891-B577-4CD63B3BABEF}
		{DF383429-2AB0-44BE-8BC0-512B6F423300} = {22D2AD40-9B1B-4B20-8B90-4F1BE11697AF}
		{7F76A7F7-0605-42F9-804D-0EC9DBF9654A} = {2A6C913D-E99D-4891-B577-4CD63B3BABEF}
		{8ED59805-C2DC-42BD-A91C-695746D31DDC} = {2A6C913D-E99D-4891-B577-4CD63B3BABEF}
		{1A98A534-60CC-45F2-BAFF-49D36E810109} = {22D2AD40-9B1B-4B20-8B90-4F1BE11697AF}
		{AF471891-5CC4-4A88-A3FA-004DC880465C} = {22D2AD40-9B1B-4B20-8B90-4F1BE11697AF}
	EndGlobalSection
	GlobalSection(ExtensibilityGlobals) = postSolution
		SolutionGuid = {0826876F-F50B-4DD3-ADC3-2886080A9022}
	EndGlobalSection
EndGlobal
